
Microsoft Visual Studio Solution File, Format Version 12.00
# Visual Studio 15
VisualStudioVersion = 15.0.28307.168
MinimumVisualStudioVersion = 10.0.40219.1
Project("{FAE04EC0-301F-11D3-BF4B-00C04F79EFBC}") = "SystemIO", "SystemIO\SystemIO.csproj", "{AA3D933E-132B-4248-B739-EA53380C5A83}"
EndProject
Project("{FAE04EC0-301F-11D3-BF4B-00C04F79EFBC}") = "IOtest", "IOtest\IOtest.csproj", "{140FB189-0C70-415F-BD08-FF6111502BA0}"
EndProject
Global
	GlobalSection(SolutionConfigurationPlatforms) = preSolution
		Debug|Any CPU = Debug|Any CPU
		Release|Any CPU = Release|Any CPU
	EndGlobalSection
	GlobalSection(ProjectConfigurationPlatforms) = postSolution
		{AA3D933E-132B-4248-B739-EA53380C5A83}.Debug|Any CPU.ActiveCfg = Debug|Any CPU
		{AA3D933E-132B-4248-B739-EA53380C5A83}.Debug|Any CPU.Build.0 = Debug|Any CPU
		{AA3D933E-132B-4248-B739-EA53380C5A83}.Release|Any CPU.ActiveCfg = Release|Any CPU
		{AA3D933E-132B-4248-B739-EA53380C5A83}.Release|Any CPU.Build.0 = Release|Any CPU
		{140FB189-0C70-415F-BD08-FF6111502BA0}.Debug|Any CPU.ActiveCfg = Debug|Any CPU
		{140FB189-0C70-415F-BD08-FF6111502BA0}.Debug|Any CPU.Build.0 = Debug|Any CPU
		{140FB189-0C70-415F-BD08-FF6111502BA0}.Release|Any CPU.ActiveCfg = Release|Any CPU
		{140FB189-0C70-415F-BD08-FF6111502BA0}.Release|Any CPU.Build.0 = Release|Any CPU
	EndGlobalSection
	GlobalSection(SolutionProperties) = preSolution
		HideSolutionNode = FALSE
	EndGlobalSection
	GlobalSection(ExtensibilityGlobals) = postSolution
		SolutionGuid = {2F6DC17D-23AA-4DBC-BC43-14E10839F402}
	EndGlobalSection
EndGlobal
